{
  "version": 4,
  "terraform_version": "1.0.9",
  "serial": 239,
  "lineage": "e3da0cac-0068-2dd8-3a2a-15d73e506707",
  "outputs": {
    "db_enhanced_monitoring_iam_role_arn": {
      "value": "arn:aws:iam::208557507792:role/monitoring-role-name",
      "type": "string"
    },
    "db_instance_address": {
      "value": "colleague-view.cwrrnibbzepu.eu-west-2.rds.amazonaws.com",
      "type": "string"
    },
    "db_instance_arn": {
      "value": "arn:aws:rds:eu-west-2:208557507792:db:colleague-view",
      "type": "string"
    },
    "db_instance_availability_zone": {
      "value": "eu-west-2a",
      "type": "string"
    },
    "db_instance_cloudwatch_log_groups": {
      "value": {
        "postgresql": {
          "arn": "arn:aws:logs:eu-west-2:208557507792:log-group:/aws/rds/instance/colleague-view/postgresql",
          "id": "/aws/rds/instance/colleague-view/postgresql",
          "kms_key_id": "",
          "name": "/aws/rds/instance/colleague-view/postgresql",
          "name_prefix": null,
          "retention_in_days": 7,
          "tags": {
            "Environment": "Dev",
            "Owner": "user"
          },
          "tags_all": {
            "Environment": "Dev",
            "Owner": "user"
          }
        },
        "upgrade": {
          "arn": "arn:aws:logs:eu-west-2:208557507792:log-group:/aws/rds/instance/colleague-view/upgrade",
          "id": "/aws/rds/instance/colleague-view/upgrade",
          "kms_key_id": "",
          "name": "/aws/rds/instance/colleague-view/upgrade",
          "name_prefix": null,
          "retention_in_days": 7,
          "tags": {
            "Environment": "Dev",
            "Owner": "user"
          },
          "tags_all": {
            "Environment": "Dev",
            "Owner": "user"
          }
        }
      },
      "type": [
        "object",
        {
          "postgresql": [
            "object",
            {
              "arn": "string",
              "id": "string",
              "kms_key_id": "string",
              "name": "string",
              "name_prefix": "string",
              "retention_in_days": "number",
              "tags": [
                "map",
                "string"
              ],
              "tags_all": [
                "map",
                "string"
              ]
            }
          ],
          "upgrade": [
            "object",
            {
              "arn": "string",
              "id": "string",
              "kms_key_id": "string",
              "name": "string",
              "name_prefix": "string",
              "retention_in_days": "number",
              "tags": [
                "map",
                "string"
              ],
              "tags_all": [
                "map",
                "string"
              ]
            }
          ]
        }
      ]
    },
    "db_instance_endpoint": {
      "value": "colleague-view.cwrrnibbzepu.eu-west-2.rds.amazonaws.com:5432",
      "type": "string"
    },
    "db_instance_hosted_zone_id": {
      "value": "Z1TTGA775OQIYO",
      "type": "string"
    },
    "db_instance_id": {
      "value": "colleague-view",
      "type": "string"
    },
    "db_instance_name": {
      "value": "Postgresql",
      "type": "string"
    },
    "db_instance_password": {
      "value": "PHeGUP1Q0K1pueCl",
      "type": "string",
      "sensitive": true
    },
    "db_instance_port": {
      "value": 5432,
      "type": "number"
    },
    "db_instance_resource_id": {
      "value": "db-53G6APSHNVS6C476EWKGQMJTJU",
      "type": "string"
    },
    "db_instance_status": {
      "value": "available",
      "type": "string"
    },
    "db_instance_username": {
      "value": "postgresql",
      "type": "string",
      "sensitive": true
    },
    "db_parameter_group_arn": {
      "value": "arn:aws:rds:eu-west-2:208557507792:pg:colleague-view-20220303164413054700000001",
      "type": "string"
    },
    "db_parameter_group_id": {
      "value": "colleague-view-20220303164413054700000001",
      "type": "string"
    },
    "db_subnet_group_arn": {
      "value": "",
      "type": "string"
    },
    "db_subnet_group_id": {
      "value": "",
      "type": "string"
    }
  },
  "resources": [
    {
      "module": "module.db",
      "mode": "managed",
      "type": "random_password",
      "name": "master_password",
      "provider": "provider[\"registry.terraform.io/hashicorp/random\"]",
      "instances": [
        {
          "index_key": 0,
          "schema_version": 0,
          "attributes": {
            "id": "none",
            "keepers": null,
            "length": 16,
            "lower": true,
            "min_lower": 0,
            "min_numeric": 0,
            "min_special": 0,
            "min_upper": 0,
            "number": true,
            "override_special": null,
            "result": "PHeGUP1Q0K1pueCl",
            "special": false,
            "upper": true
          },
          "sensitive_attributes": [],
          "private": "bnVsbA=="
        }
      ]
    },
    {
      "module": "module.db.module.db_instance",
      "mode": "data",
      "type": "aws_iam_policy_document",
      "name": "enhanced_monitoring",
      "provider": "provider[\"registry.terraform.io/hashicorp/aws\"]",
      "instances": [
        {
          "schema_version": 0,
          "attributes": {
            "id": "1813475199",
            "json": "{\n  \"Version\": \"2012-10-17\",\n  \"Statement\": [\n    {\n      \"Sid\": \"\",\n      \"Effect\": \"Allow\",\n      \"Action\": \"sts:AssumeRole\",\n      \"Principal\": {\n        \"Service\": \"monitoring.rds.amazonaws.com\"\n      }\n    }\n  ]\n}",
            "override_json": null,
            "override_policy_documents": null,
            "policy_id": null,
            "source_json": null,
            "source_policy_documents": null,
            "statement": [
              {
                "actions": [
                  "sts:AssumeRole"
                ],
                "condition": [],
                "effect": "Allow",
                "not_actions": [],
                "not_principals": [],
                "not_resources": [],
                "principals": [
                  {
                    "identifiers": [
                      "monitoring.rds.amazonaws.com"
                    ],
                    "type": "Service"
                  }
                ],
                "resources": [],
                "sid": ""
              }
            ],
            "version": "2012-10-17"
          },
          "sensitive_attributes": []
        }
      ]
    },
    {
      "module": "module.db.module.db_instance",
      "mode": "data",
      "type": "aws_partition",
      "name": "current",
      "provider": "provider[\"registry.terraform.io/hashicorp/aws\"]",
      "instances": [
        {
          "schema_version": 0,
          "attributes": {
            "dns_suffix": "amazonaws.com",
            "id": "aws",
            "partition": "aws",
            "reverse_dns_prefix": "com.amazonaws"
          },
          "sensitive_attributes": []
        }
      ]
    },
    {
      "module": "module.db.module.db_instance",
      "mode": "managed",
      "type": "aws_cloudwatch_log_group",
      "name": "this",
      "provider": "provider[\"registry.terraform.io/hashicorp/aws\"]",
      "instances": [
        {
          "index_key": "postgresql",
          "schema_version": 0,
          "attributes": {
            "arn": "arn:aws:logs:eu-west-2:208557507792:log-group:/aws/rds/instance/colleague-view/postgresql",
            "id": "/aws/rds/instance/colleague-view/postgresql",
            "kms_key_id": "",
            "name": "/aws/rds/instance/colleague-view/postgresql",
            "name_prefix": null,
            "retention_in_days": 7,
            "tags": {
              "Environment": "Dev",
              "Owner": "user"
            },
            "tags_all": {
              "Environment": "Dev",
              "Owner": "user"
            }
          },
          "sensitive_attributes": [],
          "private": "bnVsbA=="
        },
        {
          "index_key": "upgrade",
          "schema_version": 0,
          "attributes": {
            "arn": "arn:aws:logs:eu-west-2:208557507792:log-group:/aws/rds/instance/colleague-view/upgrade",
            "id": "/aws/rds/instance/colleague-view/upgrade",
            "kms_key_id": "",
            "name": "/aws/rds/instance/colleague-view/upgrade",
            "name_prefix": null,
            "retention_in_days": 7,
            "tags": {
              "Environment": "Dev",
              "Owner": "user"
            },
            "tags_all": {
              "Environment": "Dev",
              "Owner": "user"
            }
          },
          "sensitive_attributes": [],
          "private": "bnVsbA=="
        }
      ]
    },
    {
      "module": "module.db.module.db_instance",
      "mode": "managed",
      "type": "aws_db_instance",
      "name": "this",
      "provider": "provider[\"registry.terraform.io/hashicorp/aws\"]",
      "instances": [
        {
          "index_key": 0,
          "schema_version": 1,
          "attributes": {
            "address": "colleague-view.cwrrnibbzepu.eu-west-2.rds.amazonaws.com",
            "allocated_storage": 20,
            "allow_major_version_upgrade": false,
            "apply_immediately": false,
            "arn": "arn:aws:rds:eu-west-2:208557507792:db:colleague-view",
            "auto_minor_version_upgrade": true,
            "availability_zone": "eu-west-2a",
            "backup_retention_period": 0,
            "backup_window": "03:00-06:00",
            "ca_cert_identifier": "rds-ca-2019",
            "character_set_name": "",
            "copy_tags_to_snapshot": false,
            "customer_owned_ip_enabled": false,
            "db_name": "Postgresql",
            "db_subnet_group_name": "colleague-view",
            "delete_automated_backups": true,
            "deletion_protection": false,
            "domain": "",
            "domain_iam_role_name": "",
            "enabled_cloudwatch_logs_exports": [
              "postgresql",
              "upgrade"
            ],
            "endpoint": "colleague-view.cwrrnibbzepu.eu-west-2.rds.amazonaws.com:5432",
            "engine": "postgres",
            "engine_version": "14.1",
            "engine_version_actual": "14.1",
            "final_snapshot_identifier": null,
            "hosted_zone_id": "Z1TTGA775OQIYO",
            "iam_database_authentication_enabled": false,
            "id": "colleague-view",
            "identifier": "colleague-view",
            "identifier_prefix": "",
            "instance_class": "db.t4g.large",
            "iops": 0,
            "kms_key_id": "arn:aws:kms:eu-west-2:208557507792:key/e81f1e85-cee6-407a-a9c9-c221c3102d1e",
            "latest_restorable_time": "0001-01-01T00:00:00Z",
            "license_model": "postgresql-license",
            "maintenance_window": "mon:00:00-mon:03:00",
            "max_allocated_storage": 100,
            "monitoring_interval": 60,
            "monitoring_role_arn": "arn:aws:iam::208557507792:role/monitoring-role-name",
            "multi_az": true,
            "name": "Postgresql",
            "nchar_character_set_name": "",
            "option_group_name": "default:postgres-14",
            "parameter_group_name": "colleague-view-20220303164413054700000001",
            "password": "PHeGUP1Q0K1pueCl",
            "performance_insights_enabled": true,
            "performance_insights_kms_key_id": "arn:aws:kms:eu-west-2:208557507792:key/e81f1e85-cee6-407a-a9c9-c221c3102d1e",
            "performance_insights_retention_period": 7,
            "port": 5432,
            "publicly_accessible": false,
            "replica_mode": "",
            "replicas": [],
            "replicate_source_db": "",
            "resource_id": "db-53G6APSHNVS6C476EWKGQMJTJU",
            "restore_to_point_in_time": [],
            "s3_import": [],
            "security_group_names": [],
            "skip_final_snapshot": true,
            "snapshot_identifier": null,
            "status": "available",
            "storage_encrypted": true,
            "storage_type": "gp2",
            "tags": {
              "Environment": "Dev",
              "Owner": "user"
            },
            "tags_all": {
              "Environment": "Dev",
              "Owner": "user"
            },
            "timeouts": {
              "create": null,
              "delete": null,
              "update": null
            },
            "timezone": "",
            "username": "postgresql",
            "vpc_security_group_ids": [
              "sg-01570550a46f3b72d"
            ]
          },
          "sensitive_attributes": [
            [
              {
                "type": "get_attr",
                "value": "password"
              }
            ]
          ],
          "private": "eyJlMmJmYjczMC1lY2FhLTExZTYtOGY4OC0zNDM2M2JjN2M0YzAiOnsiY3JlYXRlIjoyNDAwMDAwMDAwMDAwLCJkZWxldGUiOjM2MDAwMDAwMDAwMDAsInVwZGF0ZSI6NDgwMDAwMDAwMDAwMH0sInNjaGVtYV92ZXJzaW9uIjoiMSJ9",
          "dependencies": [
            "module.db.random_password.master_password",
            "module.security_group.aws_security_group.this",
            "module.vpc.aws_db_subnet_group.database",
            "module.vpc.aws_vpc_ipv4_cidr_block_association.this",
            "module.db.module.db_instance.aws_iam_role.enhanced_monitoring",
            "module.db.module.db_instance.data.aws_iam_policy_document.enhanced_monitoring",
            "module.db.module.db_instance.random_id.snapshot_identifier",
            "module.db.module.db_parameter_group.aws_db_parameter_group.this",
            "module.vpc.aws_vpc.this",
            "module.db.module.db_option_group.aws_db_option_group.this",
            "module.db.module.db_subnet_group.aws_db_subnet_group.this",
            "module.security_group.aws_security_group.this_name_prefix",
            "module.vpc.aws_subnet.database"
          ]
        }
      ]
    },
    {
      "module": "module.db.module.db_instance",
      "mode": "managed",
      "type": "aws_iam_role",
      "name": "enhanced_monitoring",
      "provider": "provider[\"registry.terraform.io/hashicorp/aws\"]",
      "instances": [
        {
          "index_key": 0,
          "schema_version": 0,
          "attributes": {
            "arn": "arn:aws:iam::208557507792:role/monitoring-role-name",
            "assume_role_policy": "{\"Version\":\"2012-10-17\",\"Statement\":[{\"Sid\":\"\",\"Effect\":\"Allow\",\"Principal\":{\"Service\":\"monitoring.rds.amazonaws.com\"},\"Action\":\"sts:AssumeRole\"}]}",
            "create_date": "2022-03-03T16:44:14Z",
            "description": "Description for monitoring role",
            "force_detach_policies": false,
            "id": "monitoring-role-name",
            "inline_policy": [
              {
                "name": "",
                "policy": ""
              }
            ],
            "managed_policy_arns": [
              "arn:aws:iam::aws:policy/service-role/AmazonRDSEnhancedMonitoringRole"
            ],
            "max_session_duration": 3600,
            "name": "monitoring-role-name",
            "name_prefix": "",
            "path": "/",
            "permissions_boundary": null,
            "tags": {
              "Environment": "Dev",
              "Name": "monitoring-role-name",
              "Owner": "user"
            },
            "tags_all": {
              "Environment": "Dev",
              "Name": "monitoring-role-name",
              "Owner": "user"
            },
            "unique_id": "AROATBDX7ATIILWSJF2T6"
          },
          "sensitive_attributes": [],
          "private": "bnVsbA==",
          "dependencies": [
            "module.db.module.db_instance.data.aws_iam_policy_document.enhanced_monitoring"
          ]
        }
      ]
    },
    {
      "module": "module.db.module.db_instance",
      "mode": "managed",
      "type": "aws_iam_role_policy_attachment",
      "name": "enhanced_monitoring",
      "provider": "provider[\"registry.terraform.io/hashicorp/aws\"]",
      "instances": [
        {
          "index_key": 0,
          "schema_version": 0,
          "attributes": {
            "id": "monitoring-role-name-20220303164415905300000002",
            "policy_arn": "arn:aws:iam::aws:policy/service-role/AmazonRDSEnhancedMonitoringRole",
            "role": "monitoring-role-name"
          },
          "sensitive_attributes": [],
          "private": "bnVsbA==",
          "dependencies": [
            "module.db.module.db_instance.aws_iam_role.enhanced_monitoring",
            "module.db.module.db_instance.data.aws_iam_policy_document.enhanced_monitoring",
            "module.db.module.db_instance.data.aws_partition.current"
          ]
        }
      ]
    },
    {
      "module": "module.db.module.db_parameter_group",
      "mode": "managed",
      "type": "aws_db_parameter_group",
      "name": "this",
      "provider": "provider[\"registry.terraform.io/hashicorp/aws\"]",
      "instances": [
        {
          "index_key": 0,
          "schema_version": 0,
          "attributes": {
            "arn": "arn:aws:rds:eu-west-2:208557507792:pg:colleague-view-20220303164413054700000001",
            "description": "colleague-view parameter group",
            "family": "postgres14",
            "id": "colleague-view-20220303164413054700000001",
            "name": "colleague-view-20220303164413054700000001",
            "name_prefix": "colleague-view-",
            "parameter": [
              {
                "apply_method": "immediate",
                "name": "autovacuum",
                "value": "1"
              },
              {
                "apply_method": "immediate",
                "name": "client_encoding",
                "value": "utf8"
              }
            ],
            "tags": {
              "Environment": "Dev",
              "Name": "colleague-view",
              "Owner": "user",
              "Sensitive": "low"
            },
            "tags_all": {
              "Environment": "Dev",
              "Name": "colleague-view",
              "Owner": "user",
              "Sensitive": "low"
            }
          },
          "sensitive_attributes": [],
          "private": "bnVsbA==",
          "create_before_destroy": true
        }
      ]
    },
    {
      "module": "module.security_group",
      "mode": "managed",
      "type": "aws_security_group",
      "name": "this_name_prefix",
      "provider": "provider[\"registry.terraform.io/hashicorp/aws\"]",
      "instances": [
        {
          "index_key": 0,
          "schema_version": 1,
          "attributes": {
            "arn": "arn:aws:ec2:eu-west-2:208557507792:security-group/sg-01570550a46f3b72d",
            "description": "PostgreSQL security group",
            "egress": [],
            "id": "sg-01570550a46f3b72d",
            "ingress": [
              {
                "cidr_blocks": [
                  "10.99.0.0/18"
                ],
                "description": "PostgreSQL access from within VPC",
                "from_port": 5432,
                "ipv6_cidr_blocks": [],
                "prefix_list_ids": [],
                "protocol": "tcp",
                "security_groups": [],
                "self": false,
                "to_port": 5432
              }
            ],
            "name": "colleague-view-20220303164416190400000003",
            "name_prefix": "colleague-view-",
            "owner_id": "208557507792",
            "revoke_rules_on_delete": false,
            "tags": {
              "Environment": "Dev",
              "Name": "colleague-view",
              "Owner": "user"
            },
            "tags_all": {
              "Environment": "Dev",
              "Name": "colleague-view",
              "Owner": "user"
            },
            "timeouts": {
              "create": "10m",
              "delete": "15m"
            },
            "vpc_id": "vpc-002de337afb9db467"
          },
          "sensitive_attributes": [],
          "private": "eyJlMmJmYjczMC1lY2FhLTExZTYtOGY4OC0zNDM2M2JjN2M0YzAiOnsiY3JlYXRlIjo2MDAwMDAwMDAwMDAsImRlbGV0ZSI6OTAwMDAwMDAwMDAwfSwic2NoZW1hX3ZlcnNpb24iOiIxIn0=",
          "dependencies": [
            "module.vpc.aws_vpc.this"
          ],
          "create_before_destroy": true
        }
      ]
    },
    {
      "module": "module.security_group",
      "mode": "managed",
      "type": "aws_security_group_rule",
      "name": "ingress_with_cidr_blocks",
      "provider": "provider[\"registry.terraform.io/hashicorp/aws\"]",
      "instances": [
        {
          "index_key": 0,
          "schema_version": 2,
          "attributes": {
            "cidr_blocks": [
              "10.99.0.0/18"
            ],
            "description": "PostgreSQL access from within VPC",
            "from_port": 5432,
            "id": "sgrule-2234557977",
            "ipv6_cidr_blocks": [],
            "prefix_list_ids": [],
            "protocol": "tcp",
            "security_group_id": "sg-01570550a46f3b72d",
            "self": false,
            "source_security_group_id": null,
            "to_port": 5432,
            "type": "ingress"
          },
          "sensitive_attributes": [],
          "private": "eyJzY2hlbWFfdmVyc2lvbiI6IjIifQ==",
          "dependencies": [
            "module.security_group.aws_security_group.this",
            "module.security_group.aws_security_group.this_name_prefix",
            "module.vpc.aws_vpc.this"
          ]
        }
      ]
    },
    {
      "module": "module.vpc",
      "mode": "managed",
      "type": "aws_db_subnet_group",
      "name": "database",
      "provider": "provider[\"registry.terraform.io/hashicorp/aws\"]",
      "instances": [
        {
          "index_key": 0,
          "schema_version": 0,
          "attributes": {
            "arn": "arn:aws:rds:eu-west-2:208557507792:subgrp:colleague-view",
            "description": "Database subnet group for colleague-view",
            "id": "colleague-view",
            "name": "colleague-view",
            "name_prefix": null,
            "subnet_ids": [
              "subnet-00a591dc4e810e5e7",
              "subnet-065d85ab0a45907d5",
              "subnet-0d4694a0c0b06df65"
            ],
            "tags": {
              "Environment": "Dev",
              "Name": "colleague-view",
              "Owner": "user"
            },
            "tags_all": {
              "Environment": "Dev",
              "Name": "colleague-view",
              "Owner": "user"
            }
          },
          "sensitive_attributes": [],
          "private": "bnVsbA==",
          "dependencies": [
            "module.vpc.aws_vpc_ipv4_cidr_block_association.this",
            "module.vpc.aws_subnet.database",
            "module.vpc.aws_vpc.this"
          ]
        }
      ]
    },
    {
      "module": "module.vpc",
      "mode": "managed",
      "type": "aws_route_table",
      "name": "database",
      "provider": "provider[\"registry.terraform.io/hashicorp/aws\"]",
      "instances": [
        {
          "index_key": 0,
          "schema_version": 0,
          "attributes": {
            "arn": "arn:aws:ec2:eu-west-2:208557507792:route-table/rtb-00a5d669883136db8",
            "id": "rtb-00a5d669883136db8",
            "owner_id": "208557507792",
            "propagating_vgws": [],
            "route": [],
            "tags": {
              "Environment": "Dev",
              "Name": "colleague-view-db-eu-west-2a",
              "Owner": "user"
            },
            "tags_all": {
              "Environment": "Dev",
              "Name": "colleague-view-db-eu-west-2a",
              "Owner": "user"
            },
            "timeouts": null,
            "vpc_id": "vpc-002de337afb9db467"
          },
          "sensitive_attributes": [],
          "private": "eyJlMmJmYjczMC1lY2FhLTExZTYtOGY4OC0zNDM2M2JjN2M0YzAiOnsiY3JlYXRlIjozMDAwMDAwMDAwMDAsImRlbGV0ZSI6MzAwMDAwMDAwMDAwLCJ1cGRhdGUiOjEyMDAwMDAwMDAwMH19",
          "dependencies": [
            "module.vpc.aws_vpc.this",
            "module.vpc.aws_vpc_ipv4_cidr_block_association.this"
          ]
        },
        {
          "index_key": 1,
          "schema_version": 0,
          "attributes": {
            "arn": "arn:aws:ec2:eu-west-2:208557507792:route-table/rtb-0820e06b31bb517d9",
            "id": "rtb-0820e06b31bb517d9",
            "owner_id": "208557507792",
            "propagating_vgws": [],
            "route": [],
            "tags": {
              "Environment": "Dev",
              "Name": "colleague-view-db-eu-west-2b",
              "Owner": "user"
            },
            "tags_all": {
              "Environment": "Dev",
              "Name": "colleague-view-db-eu-west-2b",
              "Owner": "user"
            },
            "timeouts": null,
            "vpc_id": "vpc-002de337afb9db467"
          },
          "sensitive_attributes": [],
          "private": "eyJlMmJmYjczMC1lY2FhLTExZTYtOGY4OC0zNDM2M2JjN2M0YzAiOnsiY3JlYXRlIjozMDAwMDAwMDAwMDAsImRlbGV0ZSI6MzAwMDAwMDAwMDAwLCJ1cGRhdGUiOjEyMDAwMDAwMDAwMH19",
          "dependencies": [
            "module.vpc.aws_vpc.this",
            "module.vpc.aws_vpc_ipv4_cidr_block_association.this"
          ]
        },
        {
          "index_key": 2,
          "schema_version": 0,
          "attributes": {
            "arn": "arn:aws:ec2:eu-west-2:208557507792:route-table/rtb-00cdef1d24bd3ff84",
            "id": "rtb-00cdef1d24bd3ff84",
            "owner_id": "208557507792",
            "propagating_vgws": [],
            "route": [],
            "tags": {
              "Environment": "Dev",
              "Name": "colleague-view-db-eu-west-2c",
              "Owner": "user"
            },
            "tags_all": {
              "Environment": "Dev",
              "Name": "colleague-view-db-eu-west-2c",
              "Owner": "user"
            },
            "timeouts": null,
            "vpc_id": "vpc-002de337afb9db467"
          },
          "sensitive_attributes": [],
          "private": "eyJlMmJmYjczMC1lY2FhLTExZTYtOGY4OC0zNDM2M2JjN2M0YzAiOnsiY3JlYXRlIjozMDAwMDAwMDAwMDAsImRlbGV0ZSI6MzAwMDAwMDAwMDAwLCJ1cGRhdGUiOjEyMDAwMDAwMDAwMH19",
          "dependencies": [
            "module.vpc.aws_vpc.this",
            "module.vpc.aws_vpc_ipv4_cidr_block_association.this"
          ]
        }
      ]
    },
    {
      "module": "module.vpc",
      "mode": "managed",
      "type": "aws_route_table",
      "name": "private",
      "provider": "provider[\"registry.terraform.io/hashicorp/aws\"]",
      "instances": [
        {
          "index_key": 0,
          "schema_version": 0,
          "attributes": {
            "arn": "arn:aws:ec2:eu-west-2:208557507792:route-table/rtb-0ee3d0dd0cae07b38",
            "id": "rtb-0ee3d0dd0cae07b38",
            "owner_id": "208557507792",
            "propagating_vgws": [],
            "route": [],
            "tags": {
              "Environment": "Dev",
              "Name": "colleague-view-private-eu-west-2a",
              "Owner": "user"
            },
            "tags_all": {
              "Environment": "Dev",
              "Name": "colleague-view-private-eu-west-2a",
              "Owner": "user"
            },
            "timeouts": null,
            "vpc_id": "vpc-002de337afb9db467"
          },
          "sensitive_attributes": [],
          "private": "eyJlMmJmYjczMC1lY2FhLTExZTYtOGY4OC0zNDM2M2JjN2M0YzAiOnsiY3JlYXRlIjozMDAwMDAwMDAwMDAsImRlbGV0ZSI6MzAwMDAwMDAwMDAwLCJ1cGRhdGUiOjEyMDAwMDAwMDAwMH19",
          "dependencies": [
            "module.vpc.aws_vpc.this",
            "module.vpc.aws_vpc_ipv4_cidr_block_association.this"
          ]
        },
        {
          "index_key": 1,
          "schema_version": 0,
          "attributes": {
            "arn": "arn:aws:ec2:eu-west-2:208557507792:route-table/rtb-062712d92eeea3c43",
            "id": "rtb-062712d92eeea3c43",
            "owner_id": "208557507792",
            "propagating_vgws": [],
            "route": [],
            "tags": {
              "Environment": "Dev",
              "Name": "colleague-view-private-eu-west-2b",
              "Owner": "user"
            },
            "tags_all": {
              "Environment": "Dev",
              "Name": "colleague-view-private-eu-west-2b",
              "Owner": "user"
            },
            "timeouts": null,
            "vpc_id": "vpc-002de337afb9db467"
          },
          "sensitive_attributes": [],
          "private": "eyJlMmJmYjczMC1lY2FhLTExZTYtOGY4OC0zNDM2M2JjN2M0YzAiOnsiY3JlYXRlIjozMDAwMDAwMDAwMDAsImRlbGV0ZSI6MzAwMDAwMDAwMDAwLCJ1cGRhdGUiOjEyMDAwMDAwMDAwMH19",
          "dependencies": [
            "module.vpc.aws_vpc.this",
            "module.vpc.aws_vpc_ipv4_cidr_block_association.this"
          ]
        },
        {
          "index_key": 2,
          "schema_version": 0,
          "attributes": {
            "arn": "arn:aws:ec2:eu-west-2:208557507792:route-table/rtb-08eaf1b7a8b2b0711",
            "id": "rtb-08eaf1b7a8b2b0711",
            "owner_id": "208557507792",
            "propagating_vgws": [],
            "route": [],
            "tags": {
              "Environment": "Dev",
              "Name": "colleague-view-private-eu-west-2c",
              "Owner": "user"
            },
            "tags_all": {
              "Environment": "Dev",
              "Name": "colleague-view-private-eu-west-2c",
              "Owner": "user"
            },
            "timeouts": null,
            "vpc_id": "vpc-002de337afb9db467"
          },
          "sensitive_attributes": [],
          "private": "eyJlMmJmYjczMC1lY2FhLTExZTYtOGY4OC0zNDM2M2JjN2M0YzAiOnsiY3JlYXRlIjozMDAwMDAwMDAwMDAsImRlbGV0ZSI6MzAwMDAwMDAwMDAwLCJ1cGRhdGUiOjEyMDAwMDAwMDAwMH19",
          "dependencies": [
            "module.vpc.aws_vpc.this",
            "module.vpc.aws_vpc_ipv4_cidr_block_association.this"
          ]
        }
      ]
    },
    {
      "module": "module.vpc",
      "mode": "managed",
      "type": "aws_route_table_association",
      "name": "database",
      "provider": "provider[\"registry.terraform.io/hashicorp/aws\"]",
      "instances": [
        {
          "index_key": 0,
          "schema_version": 0,
          "attributes": {
            "gateway_id": "",
            "id": "rtbassoc-0adaca0653569b694",
            "route_table_id": "rtb-00a5d669883136db8",
            "subnet_id": "subnet-0d4694a0c0b06df65"
          },
          "sensitive_attributes": [],
          "private": "bnVsbA==",
          "dependencies": [
            "module.vpc.aws_route_table.database",
            "module.vpc.aws_route_table.private",
            "module.vpc.aws_subnet.database",
            "module.vpc.aws_vpc.this",
            "module.vpc.aws_vpc_ipv4_cidr_block_association.this"
          ]
        },
        {
          "index_key": 1,
          "schema_version": 0,
          "attributes": {
            "gateway_id": "",
            "id": "rtbassoc-072de5585aa0318bf",
            "route_table_id": "rtb-0820e06b31bb517d9",
            "subnet_id": "subnet-00a591dc4e810e5e7"
          },
          "sensitive_attributes": [],
          "private": "bnVsbA==",
          "dependencies": [
            "module.vpc.aws_vpc.this",
            "module.vpc.aws_vpc_ipv4_cidr_block_association.this",
            "module.vpc.aws_route_table.database",
            "module.vpc.aws_route_table.private",
            "module.vpc.aws_subnet.database"
          ]
        },
        {
          "index_key": 2,
          "schema_version": 0,
          "attributes": {
            "gateway_id": "",
            "id": "rtbassoc-018c1891e764b5e50",
            "route_table_id": "rtb-00cdef1d24bd3ff84",
            "subnet_id": "subnet-065d85ab0a45907d5"
          },
          "sensitive_attributes": [],
          "private": "bnVsbA==",
          "dependencies": [
            "module.vpc.aws_vpc_ipv4_cidr_block_association.this",
            "module.vpc.aws_route_table.database",
            "module.vpc.aws_route_table.private",
            "module.vpc.aws_subnet.database",
            "module.vpc.aws_vpc.this"
          ]
        }
      ]
    },
    {
      "module": "module.vpc",
      "mode": "managed",
      "type": "aws_subnet",
      "name": "database",
      "provider": "provider[\"registry.terraform.io/hashicorp/aws\"]",
      "instances": [
        {
          "index_key": 0,
          "schema_version": 1,
          "attributes": {
            "arn": "arn:aws:ec2:eu-west-2:208557507792:subnet/subnet-0d4694a0c0b06df65",
            "assign_ipv6_address_on_creation": false,
            "availability_zone": "eu-west-2a",
            "availability_zone_id": "euw2-az2",
            "cidr_block": "10.99.7.0/24",
            "customer_owned_ipv4_pool": "",
            "enable_dns64": false,
            "enable_resource_name_dns_a_record_on_launch": false,
            "enable_resource_name_dns_aaaa_record_on_launch": false,
            "id": "subnet-0d4694a0c0b06df65",
            "ipv6_cidr_block": "",
            "ipv6_cidr_block_association_id": "",
            "ipv6_native": false,
            "map_customer_owned_ip_on_launch": false,
            "map_public_ip_on_launch": false,
            "outpost_arn": "",
            "owner_id": "208557507792",
            "private_dns_hostname_type_on_launch": "ip-name",
            "tags": {
              "Environment": "Dev",
              "Name": "colleague-view-db-eu-west-2a",
              "Owner": "user"
            },
            "tags_all": {
              "Environment": "Dev",
              "Name": "colleague-view-db-eu-west-2a",
              "Owner": "user"
            },
            "timeouts": null,
            "vpc_id": "vpc-002de337afb9db467"
          },
          "sensitive_attributes": [],
          "private": "eyJlMmJmYjczMC1lY2FhLTExZTYtOGY4OC0zNDM2M2JjN2M0YzAiOnsiY3JlYXRlIjo2MDAwMDAwMDAwMDAsImRlbGV0ZSI6MTIwMDAwMDAwMDAwMH0sInNjaGVtYV92ZXJzaW9uIjoiMSJ9",
          "dependencies": [
            "module.vpc.aws_vpc.this",
            "module.vpc.aws_vpc_ipv4_cidr_block_association.this"
          ]
        },
        {
          "index_key": 1,
          "schema_version": 1,
          "attributes": {
            "arn": "arn:aws:ec2:eu-west-2:208557507792:subnet/subnet-00a591dc4e810e5e7",
            "assign_ipv6_address_on_creation": false,
            "availability_zone": "eu-west-2b",
            "availability_zone_id": "euw2-az3",
            "cidr_block": "10.99.8.0/24",
            "customer_owned_ipv4_pool": "",
            "enable_dns64": false,
            "enable_resource_name_dns_a_record_on_launch": false,
            "enable_resource_name_dns_aaaa_record_on_launch": false,
            "id": "subnet-00a591dc4e810e5e7",
            "ipv6_cidr_block": "",
            "ipv6_cidr_block_association_id": "",
            "ipv6_native": false,
            "map_customer_owned_ip_on_launch": false,
            "map_public_ip_on_launch": false,
            "outpost_arn": "",
            "owner_id": "208557507792",
            "private_dns_hostname_type_on_launch": "ip-name",
            "tags": {
              "Environment": "Dev",
              "Name": "colleague-view-db-eu-west-2b",
              "Owner": "user"
            },
            "tags_all": {
              "Environment": "Dev",
              "Name": "colleague-view-db-eu-west-2b",
              "Owner": "user"
            },
            "timeouts": null,
            "vpc_id": "vpc-002de337afb9db467"
          },
          "sensitive_attributes": [],
          "private": "eyJlMmJmYjczMC1lY2FhLTExZTYtOGY4OC0zNDM2M2JjN2M0YzAiOnsiY3JlYXRlIjo2MDAwMDAwMDAwMDAsImRlbGV0ZSI6MTIwMDAwMDAwMDAwMH0sInNjaGVtYV92ZXJzaW9uIjoiMSJ9",
          "dependencies": [
            "module.vpc.aws_vpc.this",
            "module.vpc.aws_vpc_ipv4_cidr_block_association.this"
          ]
        },
        {
          "index_key": 2,
          "schema_version": 1,
          "attributes": {
            "arn": "arn:aws:ec2:eu-west-2:208557507792:subnet/subnet-065d85ab0a45907d5",
            "assign_ipv6_address_on_creation": false,
            "availability_zone": "eu-west-2c",
            "availability_zone_id": "euw2-az1",
            "cidr_block": "10.99.9.0/24",
            "customer_owned_ipv4_pool": "",
            "enable_dns64": false,
            "enable_resource_name_dns_a_record_on_launch": false,
            "enable_resource_name_dns_aaaa_record_on_launch": false,
            "id": "subnet-065d85ab0a45907d5",
            "ipv6_cidr_block": "",
            "ipv6_cidr_block_association_id": "",
            "ipv6_native": false,
            "map_customer_owned_ip_on_launch": false,
            "map_public_ip_on_launch": false,
            "outpost_arn": "",
            "owner_id": "208557507792",
            "private_dns_hostname_type_on_launch": "ip-name",
            "tags": {
              "Environment": "Dev",
              "Name": "colleague-view-db-eu-west-2c",
              "Owner": "user"
            },
            "tags_all": {
              "Environment": "Dev",
              "Name": "colleague-view-db-eu-west-2c",
              "Owner": "user"
            },
            "timeouts": null,
            "vpc_id": "vpc-002de337afb9db467"
          },
          "sensitive_attributes": [],
          "private": "eyJlMmJmYjczMC1lY2FhLTExZTYtOGY4OC0zNDM2M2JjN2M0YzAiOnsiY3JlYXRlIjo2MDAwMDAwMDAwMDAsImRlbGV0ZSI6MTIwMDAwMDAwMDAwMH0sInNjaGVtYV92ZXJzaW9uIjoiMSJ9",
          "dependencies": [
            "module.vpc.aws_vpc.this",
            "module.vpc.aws_vpc_ipv4_cidr_block_association.this"
          ]
        }
      ]
    },
    {
      "module": "module.vpc",
      "mode": "managed",
      "type": "aws_vpc",
      "name": "this",
      "provider": "provider[\"registry.terraform.io/hashicorp/aws\"]",
      "instances": [
        {
          "index_key": 0,
          "schema_version": 1,
          "attributes": {
            "arn": "arn:aws:ec2:eu-west-2:208557507792:vpc/vpc-002de337afb9db467",
            "assign_generated_ipv6_cidr_block": false,
            "cidr_block": "10.99.0.0/18",
            "default_network_acl_id": "acl-0dbdfa8e43d89aa98",
            "default_route_table_id": "rtb-014cbc1dca180bacd",
            "default_security_group_id": "sg-0e4bbc25e73143e21",
            "dhcp_options_id": "dopt-679fad0f",
            "enable_classiclink": false,
            "enable_classiclink_dns_support": false,
            "enable_dns_hostnames": false,
            "enable_dns_support": true,
            "id": "vpc-002de337afb9db467",
            "instance_tenancy": "default",
            "ipv4_ipam_pool_id": null,
            "ipv4_netmask_length": null,
            "ipv6_association_id": "",
            "ipv6_cidr_block": "",
            "ipv6_cidr_block_network_border_group": "",
            "ipv6_ipam_pool_id": "",
            "ipv6_netmask_length": 0,
            "main_route_table_id": "rtb-014cbc1dca180bacd",
            "owner_id": "208557507792",
            "tags": {
              "Environment": "Dev",
              "Name": "colleague-view",
              "Owner": "user"
            },
            "tags_all": {
              "Environment": "Dev",
              "Name": "colleague-view",
              "Owner": "user"
            }
          },
          "sensitive_attributes": [],
          "private": "eyJzY2hlbWFfdmVyc2lvbiI6IjEifQ==",
          "create_before_destroy": true
        }
      ]
    }
  ]
}
